// !$*UTF8*$!
{
	archiveVersion = 1;
	classes = {
	};
	objectVersion = 51;
	objects = {

/* Begin PBXBuildFile section */
		38AC89C5E2108A287FB26D52 /* Pods_MyPodcasts.framework in Frameworks */ = {isa = PBXBuildFile; fileRef = 16B6852F4BADE87E9B94D7F5 /* Pods_MyPodcasts.framework */; };
		ED0466B5249BB70C00DDC031 /* PodcastsSearchController.swift in Sources */ = {isa = PBXBuildFile; fileRef = ED0466B4249BB70C00DDC031 /* PodcastsSearchController.swift */; };
		ED0466B9249BBB7F00DDC031 /* Podcast.swift in Sources */ = {isa = PBXBuildFile; fileRef = ED0466B8249BBB7F00DDC031 /* Podcast.swift */; };
		ED220B3424A1462000CF11FB /* Episode.swift in Sources */ = {isa = PBXBuildFile; fileRef = ED220B3324A1462000CF11FB /* Episode.swift */; };
		ED220B3724A148AC00CF11FB /* EpisodeCell.swift in Sources */ = {isa = PBXBuildFile; fileRef = ED220B3524A148AC00CF11FB /* EpisodeCell.swift */; };
		ED220B3824A148AC00CF11FB /* EpisodeCell.xib in Resources */ = {isa = PBXBuildFile; fileRef = ED220B3624A148AC00CF11FB /* EpisodeCell.xib */; };
		ED2801B124A2774700EC30AC /* String.swift in Sources */ = {isa = PBXBuildFile; fileRef = ED2801B024A2774700EC30AC /* String.swift */; };
		ED2801B324A2782C00EC30AC /* RSSFeed.swift in Sources */ = {isa = PBXBuildFile; fileRef = ED2801B224A2782C00EC30AC /* RSSFeed.swift */; };
		ED3DCC55249E3F6000BAC57A /* APIService.swift in Sources */ = {isa = PBXBuildFile; fileRef = ED3DCC54249E3F6000BAC57A /* APIService.swift */; };
		ED3DCC58249EB86C00BAC57A /* PodcastCell.xib in Resources */ = {isa = PBXBuildFile; fileRef = ED3DCC57249EB86C00BAC57A /* PodcastCell.xib */; };
		ED3DCC5A249EBBE700BAC57A /* PodcastCell.swift in Sources */ = {isa = PBXBuildFile; fileRef = ED3DCC59249EBBE700BAC57A /* PodcastCell.swift */; };
		ED3DCC5C249F645B00BAC57A /* EpisodesController.swift in Sources */ = {isa = PBXBuildFile; fileRef = ED3DCC5B249F645A00BAC57A /* EpisodesController.swift */; };
		ED97A7AF24A8D27A00BDCF5D /* PlayerDetailsView.xib in Resources */ = {isa = PBXBuildFile; fileRef = ED97A7AE24A8D27A00BDCF5D /* PlayerDetailsView.xib */; };
		ED97A7B124A8E37600BDCF5D /* PlayerDetailsView.swift in Sources */ = {isa = PBXBuildFile; fileRef = ED97A7B024A8E37600BDCF5D /* PlayerDetailsView.swift */; };
		EDF1C55B2493665800124A17 /* AppDelegate.swift in Sources */ = {isa = PBXBuildFile; fileRef = EDF1C55A2493665800124A17 /* AppDelegate.swift */; };
		EDF1C55D2493665800124A17 /* SceneDelegate.swift in Sources */ = {isa = PBXBuildFile; fileRef = EDF1C55C2493665800124A17 /* SceneDelegate.swift */; };
		EDF1C55F2493665800124A17 /* ViewController.swift in Sources */ = {isa = PBXBuildFile; fileRef = EDF1C55E2493665800124A17 /* ViewController.swift */; };
		EDF1C5622493665800124A17 /* Main.storyboard in Resources */ = {isa = PBXBuildFile; fileRef = EDF1C5602493665800124A17 /* Main.storyboard */; };
		EDF1C5642493665D00124A17 /* Assets.xcassets in Resources */ = {isa = PBXBuildFile; fileRef = EDF1C5632493665D00124A17 /* Assets.xcassets */; };
		EDF1C5672493665D00124A17 /* LaunchScreen.storyboard in Resources */ = {isa = PBXBuildFile; fileRef = EDF1C5652493665D00124A17 /* LaunchScreen.storyboard */; };
		EDF1C56F249366AC00124A17 /* MainTabBarController.swift in Sources */ = {isa = PBXBuildFile; fileRef = EDF1C56E249366AC00124A17 /* MainTabBarController.swift */; };
/* End PBXBuildFile section */

/* Begin PBXFileReference section */
		16B6852F4BADE87E9B94D7F5 /* Pods_MyPodcasts.framework */ = {isa = PBXFileReference; explicitFileType = wrapper.framework; includeInIndex = 0; path = Pods_MyPodcasts.framework; sourceTree = BUILT_PRODUCTS_DIR; };
		87968CB49372D5D5638DA833 /* Pods-MyPodcasts.release.xcconfig */ = {isa = PBXFileReference; includeInIndex = 1; lastKnownFileType = text.xcconfig; name = "Pods-MyPodcasts.release.xcconfig"; path = "Target Support Files/Pods-MyPodcasts/Pods-MyPodcasts.release.xcconfig"; sourceTree = "<group>"; };
		BB880CC3BFC81FF56A9E5FBB /* Pods-MyPodcasts.debug.xcconfig */ = {isa = PBXFileReference; includeInIndex = 1; lastKnownFileType = text.xcconfig; name = "Pods-MyPodcasts.debug.xcconfig"; path = "Target Support Files/Pods-MyPodcasts/Pods-MyPodcasts.debug.xcconfig"; sourceTree = "<group>"; };
		ED0466B4249BB70C00DDC031 /* PodcastsSearchController.swift */ = {isa = PBXFileReference; lastKnownFileType = sourcecode.swift; path = PodcastsSearchController.swift; sourceTree = "<group>"; };
		ED0466B8249BBB7F00DDC031 /* Podcast.swift */ = {isa = PBXFileReference; lastKnownFileType = sourcecode.swift; path = Podcast.swift; sourceTree = "<group>"; };
		ED220B3324A1462000CF11FB /* Episode.swift */ = {isa = PBXFileReference; lastKnownFileType = sourcecode.swift; path = Episode.swift; sourceTree = "<group>"; };
		ED220B3524A148AC00CF11FB /* EpisodeCell.swift */ = {isa = PBXFileReference; lastKnownFileType = sourcecode.swift; path = EpisodeCell.swift; sourceTree = "<group>"; };
		ED220B3624A148AC00CF11FB /* EpisodeCell.xib */ = {isa = PBXFileReference; lastKnownFileType = file.xib; path = EpisodeCell.xib; sourceTree = "<group>"; };
		ED2801B024A2774700EC30AC /* String.swift */ = {isa = PBXFileReference; lastKnownFileType = sourcecode.swift; path = String.swift; sourceTree = "<group>"; };
		ED2801B224A2782C00EC30AC /* RSSFeed.swift */ = {isa = PBXFileReference; lastKnownFileType = sourcecode.swift; path = RSSFeed.swift; sourceTree = "<group>"; };
		ED3DCC54249E3F6000BAC57A /* APIService.swift */ = {isa = PBXFileReference; lastKnownFileType = sourcecode.swift; path = APIService.swift; sourceTree = "<group>"; };
		ED3DCC57249EB86C00BAC57A /* PodcastCell.xib */ = {isa = PBXFileReference; lastKnownFileType = file.xib; path = PodcastCell.xib; sourceTree = "<group>"; };
		ED3DCC59249EBBE700BAC57A /* PodcastCell.swift */ = {isa = PBXFileReference; lastKnownFileType = sourcecode.swift; path = PodcastCell.swift; sourceTree = "<group>"; };
		ED3DCC5B249F645A00BAC57A /* EpisodesController.swift */ = {isa = PBXFileReference; lastKnownFileType = sourcecode.swift; path = EpisodesController.swift; sourceTree = "<group>"; };
		ED97A7AE24A8D27A00BDCF5D /* PlayerDetailsView.xib */ = {isa = PBXFileReference; lastKnownFileType = file.xib; path = PlayerDetailsView.xib; sourceTree = "<group>"; };
		ED97A7B024A8E37600BDCF5D /* PlayerDetailsView.swift */ = {isa = PBXFileReference; lastKnownFileType = sourcecode.swift; path = PlayerDetailsView.swift; sourceTree = "<group>"; };
		EDF1C5572493665800124A17 /* MyPodcasts.app */ = {isa = PBXFileReference; explicitFileType = wrapper.application; includeInIndex = 0; path = MyPodcasts.app; sourceTree = BUILT_PRODUCTS_DIR; };
		EDF1C55A2493665800124A17 /* AppDelegate.swift */ = {isa = PBXFileReference; lastKnownFileType = sourcecode.swift; path = AppDelegate.swift; sourceTree = "<group>"; };
		EDF1C55C2493665800124A17 /* SceneDelegate.swift */ = {isa = PBXFileReference; lastKnownFileType = sourcecode.swift; path = SceneDelegate.swift; sourceTree = "<group>"; };
		EDF1C55E2493665800124A17 /* ViewController.swift */ = {isa = PBXFileReference; lastKnownFileType = sourcecode.swift; path = ViewController.swift; sourceTree = "<group>"; };
		EDF1C5612493665800124A17 /* Base */ = {isa = PBXFileReference; lastKnownFileType = file.storyboard; name = Base; path = Base.lproj/Main.storyboard; sourceTree = "<group>"; };
		EDF1C5632493665D00124A17 /* Assets.xcassets */ = {isa = PBXFileReference; lastKnownFileType = folder.assetcatalog; path = Assets.xcassets; sourceTree = "<group>"; };
		EDF1C5662493665D00124A17 /* Base */ = {isa = PBXFileReference; lastKnownFileType = file.storyboard; name = Base; path = Base.lproj/LaunchScreen.storyboard; sourceTree = "<group>"; };
		EDF1C5682493665D00124A17 /* Info.plist */ = {isa = PBXFileReference; lastKnownFileType = text.plist.xml; path = Info.plist; sourceTree = "<group>"; };
		EDF1C56E249366AC00124A17 /* MainTabBarController.swift */ = {isa = PBXFileReference; lastKnownFileType = sourcecode.swift; path = MainTabBarController.swift; sourceTree = "<group>"; };
/* End PBXFileReference section */

/* Begin PBXFrameworksBuildPhase section */
		EDF1C5542493665800124A17 /* Frameworks */ = {
			isa = PBXFrameworksBuildPhase;
			buildActionMask = 2147483647;
			files = (
				38AC89C5E2108A287FB26D52 /* Pods_MyPodcasts.framework in Frameworks */,
			);
			runOnlyForDeploymentPostprocessing = 0;
		};
/* End PBXFrameworksBuildPhase section */

/* Begin PBXGroup section */
		AB551B6C75FB46FF9493DF07 /* Frameworks */ = {
			isa = PBXGroup;
			children = (
				16B6852F4BADE87E9B94D7F5 /* Pods_MyPodcasts.framework */,
			);
			name = Frameworks;
			sourceTree = "<group>";
		};
		ED0466B3249BB6FB00DDC031 /* Controllers */ = {
			isa = PBXGroup;
			children = (
				ED0466B4249BB70C00DDC031 /* PodcastsSearchController.swift */,
				ED3DCC5B249F645A00BAC57A /* EpisodesController.swift */,
			);
			path = Controllers;
			sourceTree = "<group>";
		};
		ED0466B7249BBB5F00DDC031 /* Models */ = {
			isa = PBXGroup;
			children = (
				ED0466B8249BBB7F00DDC031 /* Podcast.swift */,
				ED220B3324A1462000CF11FB /* Episode.swift */,
			);
			path = Models;
			sourceTree = "<group>";
		};
		ED2801AF24A2773500EC30AC /* Extensions */ = {
			isa = PBXGroup;
			children = (
				ED2801B024A2774700EC30AC /* String.swift */,
				ED2801B224A2782C00EC30AC /* RSSFeed.swift */,
			);
			path = Extensions;
			sourceTree = "<group>";
		};
		ED3DCC53249E3F4600BAC57A /* API */ = {
			isa = PBXGroup;
			children = (
				ED3DCC54249E3F6000BAC57A /* APIService.swift */,
			);
			path = API;
			sourceTree = "<group>";
		};
		ED3DCC56249EB7FE00BAC57A /* Views */ = {
			isa = PBXGroup;
			children = (
				ED3DCC57249EB86C00BAC57A /* PodcastCell.xib */,
				ED3DCC59249EBBE700BAC57A /* PodcastCell.swift */,
				ED220B3524A148AC00CF11FB /* EpisodeCell.swift */,
				ED220B3624A148AC00CF11FB /* EpisodeCell.xib */,
				ED97A7AE24A8D27A00BDCF5D /* PlayerDetailsView.xib */,
				ED97A7B024A8E37600BDCF5D /* PlayerDetailsView.swift */,
			);
			path = Views;
			sourceTree = "<group>";
		};
		EDF1C54E2493665800124A17 = {
			isa = PBXGroup;
			children = (
				EDF1C5592493665800124A17 /* MyPodcasts */,
				EDF1C5582493665800124A17 /* Products */,
				F6FDC827305BAF50AAD778C4 /* Pods */,
				AB551B6C75FB46FF9493DF07 /* Frameworks */,
			);
			sourceTree = "<group>";
		};
		EDF1C5582493665800124A17 /* Products */ = {
			isa = PBXGroup;
			children = (
				EDF1C5572493665800124A17 /* MyPodcasts.app */,
			);
			name = Products;
			sourceTree = "<group>";
		};
		EDF1C5592493665800124A17 /* MyPodcasts */ = {
			isa = PBXGroup;
			children = (
				ED2801AF24A2773500EC30AC /* Extensions */,
				ED3DCC53249E3F4600BAC57A /* API */,
				ED0466B7249BBB5F00DDC031 /* Models */,
				ED3DCC56249EB7FE00BAC57A /* Views */,
				ED0466B3249BB6FB00DDC031 /* Controllers */,
				EDF1C55A2493665800124A17 /* AppDelegate.swift */,
				EDF1C55C2493665800124A17 /* SceneDelegate.swift */,
				EDF1C55E2493665800124A17 /* ViewController.swift */,
				EDF1C56E249366AC00124A17 /* MainTabBarController.swift */,
				EDF1C5602493665800124A17 /* Main.storyboard */,
				EDF1C5632493665D00124A17 /* Assets.xcassets */,
				EDF1C5652493665D00124A17 /* LaunchScreen.storyboard */,
				EDF1C5682493665D00124A17 /* Info.plist */,
			);
			path = MyPodcasts;
			sourceTree = "<group>";
		};
		F6FDC827305BAF50AAD778C4 /* Pods */ = {
			isa = PBXGroup;
			children = (
				BB880CC3BFC81FF56A9E5FBB /* Pods-MyPodcasts.debug.xcconfig */,
				87968CB49372D5D5638DA833 /* Pods-MyPodcasts.release.xcconfig */,
			);
			path = Pods;
			sourceTree = "<group>";
		};
/* End PBXGroup section */

/* Begin PBXNativeTarget section */
		EDF1C5562493665800124A17 /* MyPodcasts */ = {
			isa = PBXNativeTarget;
			buildConfigurationList = EDF1C56B2493665D00124A17 /* Build configuration list for PBXNativeTarget "MyPodcasts" */;
			buildPhases = (
				FC5AF35789DD5481DE0069C6 /* [CP] Check Pods Manifest.lock */,
				EDF1C5532493665800124A17 /* Sources */,
				EDF1C5542493665800124A17 /* Frameworks */,
				EDF1C5552493665800124A17 /* Resources */,
				1C0F69E446C34BA31246651B /* [CP] Embed Pods Frameworks */,
			);
			buildRules = (
			);
			dependencies = (
			);
			name = MyPodcasts;
			productName = MyPodcasts;
			productReference = EDF1C5572493665800124A17 /* MyPodcasts.app */;
			productType = "com.apple.product-type.application";
		};
/* End PBXNativeTarget section */

/* Begin PBXProject section */
		EDF1C54F2493665800124A17 /* Project object */ = {
			isa = PBXProject;
			attributes = {
				LastSwiftUpdateCheck = 1130;
				LastUpgradeCheck = 1130;
				ORGANIZATIONNAME = "Oleg Kudimov";
				TargetAttributes = {
					EDF1C5562493665800124A17 = {
						CreatedOnToolsVersion = 11.3.1;
					};
				};
			};
			buildConfigurationList = EDF1C5522493665800124A17 /* Build configuration list for PBXProject "MyPodcasts" */;
			compatibilityVersion = "Xcode 9.3";
			developmentRegion = en;
			hasScannedForEncodings = 0;
			knownRegions = (
				en,
				Base,
			);
			mainGroup = EDF1C54E2493665800124A17;
			productRefGroup = EDF1C5582493665800124A17 /* Products */;
			projectDirPath = "";
			projectRoot = "";
			targets = (
				EDF1C5562493665800124A17 /* MyPodcasts */,
			);
		};
/* End PBXProject section */

/* Begin PBXResourcesBuildPhase section */
		EDF1C5552493665800124A17 /* Resources */ = {
			isa = PBXResourcesBuildPhase;
			buildActionMask = 2147483647;
			files = (
				ED97A7AF24A8D27A00BDCF5D /* PlayerDetailsView.xib in Resources */,
				EDF1C5672493665D00124A17 /* LaunchScreen.storyboard in Resources */,
				ED220B3824A148AC00CF11FB /* EpisodeCell.xib in Resources */,
				EDF1C5642493665D00124A17 /* Assets.xcassets in Resources */,
				ED3DCC58249EB86C00BAC57A /* PodcastCell.xib in Resources */,
				EDF1C5622493665800124A17 /* Main.storyboard in Resources */,
			);
			runOnlyForDeploymentPostprocessing = 0;
		};
/* End PBXResourcesBuildPhase section */

/* Begin PBXShellScriptBuildPhase section */
		1C0F69E446C34BA31246651B /* [CP] Embed Pods Frameworks */ = {
			isa = PBXShellScriptBuildPhase;
			buildActionMask = 2147483647;
			files = (
			);
			inputFileListPaths = (
				"${PODS_ROOT}/Target Support Files/Pods-MyPodcasts/Pods-MyPodcasts-frameworks-${CONFIGURATION}-input-files.xcfilelist",
			);
			name = "[CP] Embed Pods Frameworks";
			outputFileListPaths = (
				"${PODS_ROOT}/Target Support Files/Pods-MyPodcasts/Pods-MyPodcasts-frameworks-${CONFIGURATION}-output-files.xcfilelist",
			);
			runOnlyForDeploymentPostprocessing = 0;
			shellPath = /bin/sh;
			shellScript = "\"${PODS_ROOT}/Target Support Files/Pods-MyPodcasts/Pods-MyPodcasts-frameworks.sh\"\n";
			showEnvVarsInLog = 0;
		};
		FC5AF35789DD5481DE0069C6 /* [CP] Check Pods Manifest.lock */ = {
			isa = PBXShellScriptBuildPhase;
			buildActionMask = 2147483647;
			files = (
			);
			inputFileListPaths = (
			);
			inputPaths = (
				"${PODS_PODFILE_DIR_PATH}/Podfile.lock",
				"${PODS_ROOT}/Manifest.lock",
			);
			name = "[CP] Check Pods Manifest.lock";
			outputFileListPaths = (
			);
			outputPaths = (
				"$(DERIVED_FILE_DIR)/Pods-MyPodcasts-checkManifestLockResult.txt",
			);
			runOnlyForDeploymentPostprocessing = 0;
			shellPath = /bin/sh;
			shellScript = "diff \"${PODS_PODFILE_DIR_PATH}/Podfile.lock\" \"${PODS_ROOT}/Manifest.lock\" > /dev/null\nif [ $? != 0 ] ; then\n    # print error to STDERR\n    echo \"error: The sandbox is not in sync with the Podfile.lock. Run 'pod install' or update your CocoaPods installation.\" >&2\n    exit 1\nfi\n# This output is used by Xcode 'outputs' to avoid re-running this script phase.\necho \"SUCCESS\" > \"${SCRIPT_OUTPUT_FILE_0}\"\n";
			showEnvVarsInLog = 0;
		};
/* End PBXShellScriptBuildPhase section */

/* Begin PBXSourcesBuildPhase section */
		EDF1C5532493665800124A17 /* Sources */ = {
			isa = PBXSourcesBuildPhase;
			buildActionMask = 2147483647;
			files = (
				ED2801B324A2782C00EC30AC /* RSSFeed.swift in Sources */,
				EDF1C55F2493665800124A17 /* ViewController.swift in Sources */,
				ED3DCC55249E3F6000BAC57A /* APIService.swift in Sources */,
				ED3DCC5A249EBBE700BAC57A /* PodcastCell.swift in Sources */,
				ED220B3424A1462000CF11FB /* Episode.swift in Sources */,
				EDF1C55B2493665800124A17 /* AppDelegate.swift in Sources */,
				ED97A7B124A8E37600BDCF5D /* PlayerDetailsView.swift in Sources */,
				ED0466B9249BBB7F00DDC031 /* Podcast.swift in Sources */,
				ED2801B124A2774700EC30AC /* String.swift in Sources */,
				ED220B3724A148AC00CF11FB /* EpisodeCell.swift in Sources */,
				EDF1C56F249366AC00124A17 /* MainTabBarController.swift in Sources */,
				ED0466B5249BB70C00DDC031 /* PodcastsSearchController.swift in Sources */,
				EDF1C55D2493665800124A17 /* SceneDelegate.swift in Sources */,
				ED3DCC5C249F645B00BAC57A /* EpisodesController.swift in Sources */,
			);
			runOnlyForDeploymentPostprocessing = 0;
		};
/* End PBXSourcesBuildPhase section */

/* Begin PBXVariantGroup section */
		EDF1C5602493665800124A17 /* Main.storyboard */ = {
			isa = PBXVariantGroup;
			children = (
				EDF1C5612493665800124A17 /* Base */,
			);
			name = Main.storyboard;
			sourceTree = "<group>";
		};
		EDF1C5652493665D00124A17 /* LaunchScreen.storyboard */ = {
			isa = PBXVariantGroup;
			children = (
				EDF1C5662493665D00124A17 /* Base */,
			);
			name = LaunchScreen.storyboard;
			sourceTree = "<group>";
		};
/* End PBXVariantGroup section */

/* Begin XCBuildConfiguration section */
		EDF1C5692493665D00124A17 /* Debug */ = {
			isa = XCBuildConfiguration;
			buildSettings = {
				ALWAYS_SEARCH_USER_PATHS = NO;
				CLANG_ANALYZER_NONNULL = YES;
				CLANG_ANALYZER_NUMBER_OBJECT_CONVERSION = YES_AGGRESSIVE;
				CLANG_CXX_LANGUAGE_STANDARD = "gnu++14";
				CLANG_CXX_LIBRARY = "libc++";
				CLANG_ENABLE_MODULES = YES;
				CLANG_ENABLE_OBJC_ARC = YES;
				CLANG_ENABLE_OBJC_WEAK = YES;
				CLANG_WARN_BLOCK_CAPTURE_AUTORELEASING = YES;
				CLANG_WARN_BOOL_CONVERSION = YES;
				CLANG_WARN_COMMA = YES;
				CLANG_WARN_CONSTANT_CONVERSION = YES;
				CLANG_WARN_DEPRECATED_OBJC_IMPLEMENTATIONS = YES;
				CLANG_WARN_DIRECT_OBJC_ISA_USAGE = YES_ERROR;
				CLANG_WARN_DOCUMENTATION_COMMENTS = YES;
				CLANG_WARN_EMPTY_BODY = YES;
				CLANG_WARN_ENUM_CONVERSION = YES;
				CLANG_WARN_INFINITE_RECURSION = YES;
				CLANG_WARN_INT_CONVERSION = YES;
				CLANG_WARN_NON_LITERAL_NULL_CONVERSION = YES;
				CLANG_WARN_OBJC_IMPLICIT_RETAIN_SELF = YES;
				CLANG_WARN_OBJC_LITERAL_CONVERSION = YES;
				CLANG_WARN_OBJC_ROOT_CLASS = YES_ERROR;
				CLANG_WARN_RANGE_LOOP_ANALYSIS = YES;
				CLANG_WARN_STRICT_PROTOTYPES = YES;
				CLANG_WARN_SUSPICIOUS_MOVE = YES;
				CLANG_WARN_UNGUARDED_AVAILABILITY = YES_AGGRESSIVE;
				CLANG_WARN_UNREACHABLE_CODE = YES;
				CLANG_WARN__DUPLICATE_METHOD_MATCH = YES;
				COPY_PHASE_STRIP = NO;
				DEBUG_INFORMATION_FORMAT = dwarf;
				ENABLE_STRICT_OBJC_MSGSEND = YES;
				ENABLE_TESTABILITY = YES;
				GCC_C_LANGUAGE_STANDARD = gnu11;
				GCC_DYNAMIC_NO_PIC = NO;
				GCC_NO_COMMON_BLOCKS = YES;
				GCC_OPTIMIZATION_LEVEL = 0;
				GCC_PREPROCESSOR_DEFINITIONS = (
					"DEBUG=1",
					"$(inherited)",
				);
				GCC_WARN_64_TO_32_BIT_CONVERSION = YES;
				GCC_WARN_ABOUT_RETURN_TYPE = YES_ERROR;
				GCC_WARN_UNDECLARED_SELECTOR = YES;
				GCC_WARN_UNINITIALIZED_AUTOS = YES_AGGRESSIVE;
				GCC_WARN_UNUSED_FUNCTION = YES;
				GCC_WARN_UNUSED_VARIABLE = YES;
				IPHONEOS_DEPLOYMENT_TARGET = 13.5;
				MTL_ENABLE_DEBUG_INFO = INCLUDE_SOURCE;
				MTL_FAST_MATH = YES;
				ONLY_ACTIVE_ARCH = YES;
				SDKROOT = iphoneos;
				SWIFT_ACTIVE_COMPILATION_CONDITIONS = DEBUG;
				SWIFT_OPTIMIZATION_LEVEL = "-Onone";
			};
			name = Debug;
		};
		EDF1C56A2493665D00124A17 /* Release */ = {
			isa = XCBuildConfiguration;
			buildSettings = {
				ALWAYS_SEARCH_USER_PATHS = NO;
				CLANG_ANALYZER_NONNULL = YES;
				CLANG_ANALYZER_NUMBER_OBJECT_CONVERSION = YES_AGGRESSIVE;
				CLANG_CXX_LANGUAGE_STANDARD = "gnu++14";
				CLANG_CXX_LIBRARY = "libc++";
				CLANG_ENABLE_MODULES = YES;
				CLANG_ENABLE_OBJC_ARC = YES;
				CLANG_ENABLE_OBJC_WEAK = YES;
				CLANG_WARN_BLOCK_CAPTURE_AUTORELEASING = YES;
				CLANG_WARN_BOOL_CONVERSION = YES;
				CLANG_WARN_COMMA = YES;
				CLANG_WARN_CONSTANT_CONVERSION = YES;
				CLANG_WARN_DEPRECATED_OBJC_IMPLEMENTATIONS = YES;
				CLANG_WARN_DIRECT_OBJC_ISA_USAGE = YES_ERROR;
				CLANG_WARN_DOCUMENTATION_COMMENTS = YES;
				CLANG_WARN_EMPTY_BODY = YES;
				CLANG_WARN_ENUM_CONVERSION = YES;
				CLANG_WARN_INFINITE_RECURSION = YES;
				CLANG_WARN_INT_CONVERSION = YES;
				CLANG_WARN_NON_LITERAL_NULL_CONVERSION = YES;
				CLANG_WARN_OBJC_IMPLICIT_RETAIN_SELF = YES;
				CLANG_WARN_OBJC_LITERAL_CONVERSION = YES;
				CLANG_WARN_OBJC_ROOT_CLASS = YES_ERROR;
				CLANG_WARN_RANGE_LOOP_ANALYSIS = YES;
				CLANG_WARN_STRICT_PROTOTYPES = YES;
				CLANG_WARN_SUSPICIOUS_MOVE = YES;
				CLANG_WARN_UNGUARDED_AVAILABILITY = YES_AGGRESSIVE;
				CLANG_WARN_UNREACHABLE_CODE = YES;
				CLANG_WARN__DUPLICATE_METHOD_MATCH = YES;
				COPY_PHASE_STRIP = NO;
				DEBUG_INFORMATION_FORMAT = "dwarf-with-dsym";
				ENABLE_NS_ASSERTIONS = NO;
				ENABLE_STRICT_OBJC_MSGSEND = YES;
				GCC_C_LANGUAGE_STANDARD = gnu11;
				GCC_NO_COMMON_BLOCKS = YES;
				GCC_WARN_64_TO_32_BIT_CONVERSION = YES;
				GCC_WARN_ABOUT_RETURN_TYPE = YES_ERROR;
				GCC_WARN_UNDECLARED_SELECTOR = YES;
				GCC_WARN_UNINITIALIZED_AUTOS = YES_AGGRESSIVE;
				GCC_WARN_UNUSED_FUNCTION = YES;
				GCC_WARN_UNUSED_VARIABLE = YES;
				IPHONEOS_DEPLOYMENT_TARGET = 13.5;
				MTL_ENABLE_DEBUG_INFO = NO;
				MTL_FAST_MATH = YES;
				SDKROOT = iphoneos;
				SWIFT_COMPILATION_MODE = wholemodule;
				SWIFT_OPTIMIZATION_LEVEL = "-O";
				VALIDATE_PRODUCT = YES;
			};
			name = Release;
		};
		EDF1C56C2493665D00124A17 /* Debug */ = {
			isa = XCBuildConfiguration;
			baseConfigurationReference = BB880CC3BFC81FF56A9E5FBB /* Pods-MyPodcasts.debug.xcconfig */;
			buildSettings = {
				ASSETCATALOG_COMPILER_APPICON_NAME = AppIcon;
				CODE_SIGN_STYLE = Automatic;
				DEVELOPMENT_TEAM = CYNZRZ47N3;
				INFOPLIST_FILE = MyPodcasts/Info.plist;
				IPHONEOS_DEPLOYMENT_TARGET = 13.5;
				LD_RUNPATH_SEARCH_PATHS = (
					"$(inherited)",
					"@executable_path/Frameworks",
				);
				PRODUCT_BUNDLE_IDENTIFIER = com.olegkudimov.MyPodcasts;
				PRODUCT_NAME = "$(TARGET_NAME)";
				SWIFT_VERSION = 5.0;
				TARGETED_DEVICE_FAMILY = "1,2";
			};
			name = Debug;
		};
		EDF1C56D2493665D00124A17 /* Release */ = {
			isa = XCBuildConfiguration;
			baseConfigurationReference = 87968CB49372D5D5638DA833 /* Pods-MyPodcasts.release.xcconfig */;
			buildSettings = {
				ASSETCATALOG_COMPILER_APPICON_NAME = AppIcon;
				CODE_SIGN_STYLE = Automatic;
				DEVELOPMENT_TEAM = CYNZRZ47N3;
				INFOPLIST_FILE = MyPodcasts/Info.plist;
				IPHONEOS_DEPLOYMENT_TARGET = 13.5;
				LD_RUNPATH_SEARCH_PATHS = (
					"$(inherited)",
					"@executable_path/Frameworks",
				);
				PRODUCT_BUNDLE_IDENTIFIER = com.olegkudimov.MyPodcasts;
				PRODUCT_NAME = "$(TARGET_NAME)";
				SWIFT_VERSION = 5.0;
				TARGETED_DEVICE_FAMILY = "1,2";
			};
			name = Release;
		};
/* End XCBuildConfiguration section */

/* Begin XCConfigurationList section */
		EDF1C5522493665800124A17 /* Build configuration list for PBXProject "MyPodcasts" */ = {
			isa = XCConfigurationList;
			buildConfigurations = (
				EDF1C5692493665D00124A17 /* Debug */,
				EDF1C56A2493665D00124A17 /* Release */,
			);
			defaultConfigurationIsVisible = 0;
			defaultConfigurationName = Release;
		};
		EDF1C56B2493665D00124A17 /* Build configuration list for PBXNativeTarget "MyPodcasts" */ = {
			isa = XCConfigurationList;
			buildConfigurations = (
				EDF1C56C2493665D00124A17 /* Debug */,
				EDF1C56D2493665D00124A17 /* Release */,
			);
			defaultConfigurationIsVisible = 0;
			defaultConfigurationName = Release;
		};
/* End XCConfigurationList section */
	};
	rootObject = EDF1C54F2493665800124A17 /* Project object */;
}
